
Microsoft Visual Studio Solution File, Format Version 12.00
# Visual Studio Version 17
VisualStudioVersion = 17.13.35825.156 d17.13
MinimumVisualStudioVersion = 10.0.40219.1
Project("{FAE04EC0-301F-11D3-BF4B-00C04F79EFBC}") = "HelloWorld", "HelloWorld\HelloWorld.csproj", "{41C6940E-A680-4FD0-B385-B10E55A3C7DA}"
EndProject
Global
	GlobalSection(SolutionConfigurationPlatforms) = preSolution
		Debug|Any CPU = Debug|Any CPU
		Release|Any CPU = Release|Any CPU
	EndGlobalSection
	GlobalSection(ProjectConfigurationPlatforms) = postSolution
		{41C6940E-A680-4FD0-B385-B10E55A3C7DA}.Debug|Any CPU.ActiveCfg = Debug|Any CPU
		{41C6940E-A680-4FD0-B385-B10E55A3C7DA}.Debug|Any CPU.Build.0 = Debug|Any CPU
		{41C6940E-A680-4FD0-B385-B10E55A3C7DA}.Release|Any CPU.ActiveCfg = Release|Any CPU
		{41C6940E-A680-4FD0-B385-B10E55A3C7DA}.Release|Any CPU.Build.0 = Release|Any CPU
	EndGlobalSection
	GlobalSection(SolutionProperties) = preSolution
		HideSolutionNode = FALSE
	EndGlobalSection
	GlobalSection(ExtensibilityGlobals) = postSolution
		SolutionGuid = {990CACB6-8F96-4950-B640-B7E296EB629F}
	EndGlobalSection
EndGlobal
